// !$*UTF8*$!
{
	archiveVersion = 1;
	classes = {
	};
	objectVersion = 56;
	objects = {

/* Begin PBXBuildFile section */
		9413250429F51ECB00F3F929 /* AppDelegate.swift in Sources */ = {isa = PBXBuildFile; fileRef = 9413250329F51ECB00F3F929 /* AppDelegate.swift */; };
		9413250629F51ECB00F3F929 /* SceneDelegate.swift in Sources */ = {isa = PBXBuildFile; fileRef = 9413250529F51ECB00F3F929 /* SceneDelegate.swift */; };
		9413250829F51ECB00F3F929 /* ViewController.swift in Sources */ = {isa = PBXBuildFile; fileRef = 9413250729F51ECB00F3F929 /* ViewController.swift */; };
		9413250B29F51ECB00F3F929 /* Main.storyboard in Resources */ = {isa = PBXBuildFile; fileRef = 9413250929F51ECB00F3F929 /* Main.storyboard */; };
		9413250D29F51ECC00F3F929 /* Assets.xcassets in Resources */ = {isa = PBXBuildFile; fileRef = 9413250C29F51ECC00F3F929 /* Assets.xcassets */; };
		9413251029F51ECC00F3F929 /* LaunchScreen.storyboard in Resources */ = {isa = PBXBuildFile; fileRef = 9413250E29F51ECC00F3F929 /* LaunchScreen.storyboard */; };
		9413252529F51ECC00F3F929 /* Film_TDD_UITests.swift in Sources */ = {isa = PBXBuildFile; fileRef = 9413252429F51ECC00F3F929 /* Film_TDD_UITests.swift */; };
		9413252729F51ECC00F3F929 /* Film_TDD_UITestsLaunchTests.swift in Sources */ = {isa = PBXBuildFile; fileRef = 9413252629F51ECC00F3F929 /* Film_TDD_UITestsLaunchTests.swift */; };
		9413253429F523FA00F3F929 /* movieTest.swift in Sources */ = {isa = PBXBuildFile; fileRef = 9413253329F523FA00F3F929 /* movieTest.swift */; };
		9413253629F5267300F3F929 /* Movie.swift in Sources */ = {isa = PBXBuildFile; fileRef = 9413253529F5267300F3F929 /* Movie.swift */; };
		9413253A29F533B700F3F929 /* movieManagerTests.swift in Sources */ = {isa = PBXBuildFile; fileRef = 9413253929F533B700F3F929 /* movieManagerTests.swift */; };
		9413253F29F534BC00F3F929 /* MovieManager.swift in Sources */ = {isa = PBXBuildFile; fileRef = 9413253E29F534BC00F3F929 /* MovieManager.swift */; };
/* End PBXBuildFile section */

/* Begin PBXContainerItemProxy section */
		9413251729F51ECC00F3F929 /* PBXContainerItemProxy */ = {
			isa = PBXContainerItemProxy;
			containerPortal = 941324F829F51ECB00F3F929 /* Project object */;
			proxyType = 1;
			remoteGlobalIDString = 941324FF29F51ECB00F3F929;
			remoteInfo = "Film(TDD)";
		};
		9413252129F51ECC00F3F929 /* PBXContainerItemProxy */ = {
			isa = PBXContainerItemProxy;
			containerPortal = 941324F829F51ECB00F3F929 /* Project object */;
			proxyType = 1;
			remoteGlobalIDString = 941324FF29F51ECB00F3F929;
			remoteInfo = "Film(TDD)";
		};
/* End PBXContainerItemProxy section */

/* Begin PBXFileReference section */
		9413250029F51ECB00F3F929 /* Film(TDD).app */ = {isa = PBXFileReference; explicitFileType = wrapper.application; includeInIndex = 0; path = "Film(TDD).app"; sourceTree = BUILT_PRODUCTS_DIR; };
		9413250329F51ECB00F3F929 /* AppDelegate.swift */ = {isa = PBXFileReference; lastKnownFileType = sourcecode.swift; path = AppDelegate.swift; sourceTree = "<group>"; };
		9413250529F51ECB00F3F929 /* SceneDelegate.swift */ = {isa = PBXFileReference; lastKnownFileType = sourcecode.swift; path = SceneDelegate.swift; sourceTree = "<group>"; };
		9413250729F51ECB00F3F929 /* ViewController.swift */ = {isa = PBXFileReference; lastKnownFileType = sourcecode.swift; path = ViewController.swift; sourceTree = "<group>"; };
		9413250A29F51ECB00F3F929 /* Base */ = {isa = PBXFileReference; lastKnownFileType = file.storyboard; name = Base; path = Base.lproj/Main.storyboard; sourceTree = "<group>"; };
		9413250C29F51ECC00F3F929 /* Assets.xcassets */ = {isa = PBXFileReference; lastKnownFileType = folder.assetcatalog; path = Assets.xcassets; sourceTree = "<group>"; };
		9413250F29F51ECC00F3F929 /* Base */ = {isa = PBXFileReference; lastKnownFileType = file.storyboard; name = Base; path = Base.lproj/LaunchScreen.storyboard; sourceTree = "<group>"; };
		9413251129F51ECC00F3F929 /* Info.plist */ = {isa = PBXFileReference; lastKnownFileType = text.plist.xml; path = Info.plist; sourceTree = "<group>"; };
		9413251629F51ECC00F3F929 /* Film(TDD)Tests.xctest */ = {isa = PBXFileReference; explicitFileType = wrapper.cfbundle; includeInIndex = 0; path = "Film(TDD)Tests.xctest"; sourceTree = BUILT_PRODUCTS_DIR; };
		9413252029F51ECC00F3F929 /* Film(TDD)UITests.xctest */ = {isa = PBXFileReference; explicitFileType = wrapper.cfbundle; includeInIndex = 0; path = "Film(TDD)UITests.xctest"; sourceTree = BUILT_PRODUCTS_DIR; };
		9413252429F51ECC00F3F929 /* Film_TDD_UITests.swift */ = {isa = PBXFileReference; lastKnownFileType = sourcecode.swift; path = Film_TDD_UITests.swift; sourceTree = "<group>"; };
		9413252629F51ECC00F3F929 /* Film_TDD_UITestsLaunchTests.swift */ = {isa = PBXFileReference; lastKnownFileType = sourcecode.swift; path = Film_TDD_UITestsLaunchTests.swift; sourceTree = "<group>"; };
		9413253329F523FA00F3F929 /* movieTest.swift */ = {isa = PBXFileReference; lastKnownFileType = sourcecode.swift; path = movieTest.swift; sourceTree = "<group>"; };
		9413253529F5267300F3F929 /* Movie.swift */ = {isa = PBXFileReference; lastKnownFileType = sourcecode.swift; path = Movie.swift; sourceTree = "<group>"; };
		9413253929F533B700F3F929 /* movieManagerTests.swift */ = {isa = PBXFileReference; lastKnownFileType = sourcecode.swift; path = movieManagerTests.swift; sourceTree = "<group>"; };
		9413253E29F534BC00F3F929 /* MovieManager.swift */ = {isa = PBXFileReference; lastKnownFileType = sourcecode.swift; path = MovieManager.swift; sourceTree = "<group>"; };
/* End PBXFileReference section */

/* Begin PBXFrameworksBuildPhase section */
		941324FD29F51ECB00F3F929 /* Frameworks */ = {
			isa = PBXFrameworksBuildPhase;
			buildActionMask = 2147483647;
			files = (
			);
			runOnlyForDeploymentPostprocessing = 0;
		};
		9413251329F51ECC00F3F929 /* Frameworks */ = {
			isa = PBXFrameworksBuildPhase;
			buildActionMask = 2147483647;
			files = (
			);
			runOnlyForDeploymentPostprocessing = 0;
		};
		9413251D29F51ECC00F3F929 /* Frameworks */ = {
			isa = PBXFrameworksBuildPhase;
			buildActionMask = 2147483647;
			files = (
			);
			runOnlyForDeploymentPostprocessing = 0;
		};
/* End PBXFrameworksBuildPhase section */

/* Begin PBXGroup section */
		941324F729F51ECB00F3F929 = {
			isa = PBXGroup;
			children = (
				9413250229F51ECB00F3F929 /* Film(TDD) */,
				9413251929F51ECC00F3F929 /* Film(TDD)Tests */,
				9413252329F51ECC00F3F929 /* Film(TDD)UITests */,
				9413250129F51ECB00F3F929 /* Products */,
			);
			sourceTree = "<group>";
		};
		9413250129F51ECB00F3F929 /* Products */ = {
			isa = PBXGroup;
			children = (
				9413250029F51ECB00F3F929 /* Film(TDD).app */,
				9413251629F51ECC00F3F929 /* Film(TDD)Tests.xctest */,
				9413252029F51ECC00F3F929 /* Film(TDD)UITests.xctest */,
			);
			name = Products;
			sourceTree = "<group>";
		};
		9413250229F51ECB00F3F929 /* Film(TDD) */ = {
			isa = PBXGroup;
			children = (
				9413250329F51ECB00F3F929 /* AppDelegate.swift */,
				9413253B29F5344D00F3F929 /* Models */,
				9413250529F51ECB00F3F929 /* SceneDelegate.swift */,
				9413253729F530BC00F3F929 /* Controllers */,
				9413250929F51ECB00F3F929 /* Main.storyboard */,
				9413250C29F51ECC00F3F929 /* Assets.xcassets */,
				9413250E29F51ECC00F3F929 /* LaunchScreen.storyboard */,
				9413251129F51ECC00F3F929 /* Info.plist */,
			);
			path = "Film(TDD)";
			sourceTree = "<group>";
		};
		9413251929F51ECC00F3F929 /* Film(TDD)Tests */ = {
			isa = PBXGroup;
			children = (
				9413253329F523FA00F3F929 /* movieTest.swift */,
				9413253929F533B700F3F929 /* movieManagerTests.swift */,
			);
			path = "Film(TDD)Tests";
			sourceTree = "<group>";
		};
		9413252329F51ECC00F3F929 /* Film(TDD)UITests */ = {
			isa = PBXGroup;
			children = (
				9413252429F51ECC00F3F929 /* Film_TDD_UITests.swift */,
				9413252629F51ECC00F3F929 /* Film_TDD_UITestsLaunchTests.swift */,
			);
			path = "Film(TDD)UITests";
			sourceTree = "<group>";
		};
		9413253729F530BC00F3F929 /* Controllers */ = {
			isa = PBXGroup;
			children = (
				9413250729F51ECB00F3F929 /* ViewController.swift */,
			);
			path = Controllers;
			sourceTree = "<group>";
		};
		9413253B29F5344D00F3F929 /* Models */ = {
			isa = PBXGroup;
			children = (
				9413253529F5267300F3F929 /* Movie.swift */,
				9413253E29F534BC00F3F929 /* MovieManager.swift */,
			);
			path = Models;
			sourceTree = "<group>";
		};
/* End PBXGroup section */

/* Begin PBXNativeTarget section */
		941324FF29F51ECB00F3F929 /* Film(TDD) */ = {
			isa = PBXNativeTarget;
			buildConfigurationList = 9413252A29F51ECC00F3F929 /* Build configuration list for PBXNativeTarget "Film(TDD)" */;
			buildPhases = (
				941324FC29F51ECB00F3F929 /* Sources */,
				941324FD29F51ECB00F3F929 /* Frameworks */,
				941324FE29F51ECB00F3F929 /* Resources */,
			);
			buildRules = (
			);
			dependencies = (
			);
			name = "Film(TDD)";
			productName = "Film(TDD)";
			productReference = 9413250029F51ECB00F3F929 /* Film(TDD).app */;
			productType = "com.apple.product-type.application";
		};
		9413251529F51ECC00F3F929 /* Film(TDD)Tests */ = {
			isa = PBXNativeTarget;
			buildConfigurationList = 9413252D29F51ECC00F3F929 /* Build configuration list for PBXNativeTarget "Film(TDD)Tests" */;
			buildPhases = (
				9413251229F51ECC00F3F929 /* Sources */,
				9413251329F51ECC00F3F929 /* Frameworks */,
				9413251429F51ECC00F3F929 /* Resources */,
			);
			buildRules = (
			);
			dependencies = (
				9413251829F51ECC00F3F929 /* PBXTargetDependency */,
			);
			name = "Film(TDD)Tests";
			productName = "Film(TDD)Tests";
			productReference = 9413251629F51ECC00F3F929 /* Film(TDD)Tests.xctest */;
			productType = "com.apple.product-type.bundle.unit-test";
		};
		9413251F29F51ECC00F3F929 /* Film(TDD)UITests */ = {
			isa = PBXNativeTarget;
			buildConfigurationList = 9413253029F51ECC00F3F929 /* Build configuration list for PBXNativeTarget "Film(TDD)UITests" */;
			buildPhases = (
				9413251C29F51ECC00F3F929 /* Sources */,
				9413251D29F51ECC00F3F929 /* Frameworks */,
				9413251E29F51ECC00F3F929 /* Resources */,
			);
			buildRules = (
			);
			dependencies = (
				9413252229F51ECC00F3F929 /* PBXTargetDependency */,
			);
			name = "Film(TDD)UITests";
			productName = "Film(TDD)UITests";
			productReference = 9413252029F51ECC00F3F929 /* Film(TDD)UITests.xctest */;
			productType = "com.apple.product-type.bundle.ui-testing";
		};
/* End PBXNativeTarget section */

/* Begin PBXProject section */
		941324F829F51ECB00F3F929 /* Project object */ = {
			isa = PBXProject;
			attributes = {
				BuildIndependentTargetsInParallel = 1;
				LastSwiftUpdateCheck = 1420;
				LastUpgradeCheck = 1420;
				TargetAttributes = {
					941324FF29F51ECB00F3F929 = {
						CreatedOnToolsVersion = 14.2;
					};
					9413251529F51ECC00F3F929 = {
						CreatedOnToolsVersion = 14.2;
						LastSwiftMigration = 1420;
						TestTargetID = 941324FF29F51ECB00F3F929;
					};
					9413251F29F51ECC00F3F929 = {
						CreatedOnToolsVersion = 14.2;
						TestTargetID = 941324FF29F51ECB00F3F929;
					};
				};
			};
			buildConfigurationList = 941324FB29F51ECB00F3F929 /* Build configuration list for PBXProject "Film(TDD)" */;
			compatibilityVersion = "Xcode 14.0";
			developmentRegion = en;
			hasScannedForEncodings = 0;
			knownRegions = (
				en,
				Base,
			);
			mainGroup = 941324F729F51ECB00F3F929;
			productRefGroup = 9413250129F51ECB00F3F929 /* Products */;
			projectDirPath = "";
			projectRoot = "";
			targets = (
				941324FF29F51ECB00F3F929 /* Film(TDD) */,
				9413251529F51ECC00F3F929 /* Film(TDD)Tests */,
				9413251F29F51ECC00F3F929 /* Film(TDD)UITests */,
			);
		};
/* End PBXProject section */

/* Begin PBXResourcesBuildPhase section */
		941324FE29F51ECB00F3F929 /* Resources */ = {
			isa = PBXResourcesBuildPhase;
			buildActionMask = 2147483647;
			files = (
				9413251029F51ECC00F3F929 /* LaunchScreen.storyboard in Resources */,
				9413250D29F51ECC00F3F929 /* Assets.xcassets in Resources */,
				9413250B29F51ECB00F3F929 /* Main.storyboard in Resources */,
			);
			runOnlyForDeploymentPostprocessing = 0;
		};
		9413251429F51ECC00F3F929 /* Resources */ = {
			isa = PBXResourcesBuildPhase;
			buildActionMask = 2147483647;
			files = (
			);
			runOnlyForDeploymentPostprocessing = 0;
		};
		9413251E29F51ECC00F3F929 /* Resources */ = {
			isa = PBXResourcesBuildPhase;
			buildActionMask = 2147483647;
			files = (
			);
			runOnlyForDeploymentPostprocessing = 0;
		};
/* End PBXResourcesBuildPhase section */

/* Begin PBXSourcesBuildPhase section */
		941324FC29F51ECB00F3F929 /* Sources */ = {
			isa = PBXSourcesBuildPhase;
			buildActionMask = 2147483647;
			files = (
				9413250829F51ECB00F3F929 /* ViewController.swift in Sources */,
				9413250429F51ECB00F3F929 /* AppDelegate.swift in Sources */,
				9413253F29F534BC00F3F929 /* MovieManager.swift in Sources */,
				9413253629F5267300F3F929 /* Movie.swift in Sources */,
				9413250629F51ECB00F3F929 /* SceneDelegate.swift in Sources */,
			);
			runOnlyForDeploymentPostprocessing = 0;
		};
		9413251229F51ECC00F3F929 /* Sources */ = {
			isa = PBXSourcesBuildPhase;
			buildActionMask = 2147483647;
			files = (
				9413253A29F533B700F3F929 /* movieManagerTests.swift in Sources */,
				9413253429F523FA00F3F929 /* movieTest.swift in Sources */,
			);
			runOnlyForDeploymentPostprocessing = 0;
		};
		9413251C29F51ECC00F3F929 /* Sources */ = {
			isa = PBXSourcesBuildPhase;
			buildActionMask = 2147483647;
			files = (
				9413252529F51ECC00F3F929 /* Film_TDD_UITests.swift in Sources */,
				9413252729F51ECC00F3F929 /* Film_TDD_UITestsLaunchTests.swift in Sources */,
			);
			runOnlyForDeploymentPostprocessing = 0;
		};
/* End PBXSourcesBuildPhase section */

/* Begin PBXTargetDependency section */
		9413251829F51ECC00F3F929 /* PBXTargetDependency */ = {
			isa = PBXTargetDependency;
			target = 941324FF29F51ECB00F3F929 /* Film(TDD) */;
			targetProxy = 9413251729F51ECC00F3F929 /* PBXContainerItemProxy */;
		};
		9413252229F51ECC00F3F929 /* PBXTargetDependency */ = {
			isa = PBXTargetDependency;
			target = 941324FF29F51ECB00F3F929 /* Film(TDD) */;
			targetProxy = 9413252129F51ECC00F3F929 /* PBXContainerItemProxy */;
		};
/* End PBXTargetDependency section */

/* Begin PBXVariantGroup section */
		9413250929F51ECB00F3F929 /* Main.storyboard */ = {
			isa = PBXVariantGroup;
			children = (
				9413250A29F51ECB00F3F929 /* Base */,
			);
			name = Main.storyboard;
			sourceTree = "<group>";
		};
		9413250E29F51ECC00F3F929 /* LaunchScreen.storyboard */ = {
			isa = PBXVariantGroup;
			children = (
				9413250F29F51ECC00F3F929 /* Base */,
			);
			name = LaunchScreen.storyboard;
			sourceTree = "<group>";
		};
/* End PBXVariantGroup section */

/* Begin XCBuildConfiguration section */
		9413252829F51ECC00F3F929 /* Debug */ = {
			isa = XCBuildConfiguration;
			buildSettings = {
				ALWAYS_SEARCH_USER_PATHS = NO;
				CLANG_ANALYZER_NONNULL = YES;
				CLANG_ANALYZER_NUMBER_OBJECT_CONVERSION = YES_AGGRESSIVE;
				CLANG_CXX_LANGUAGE_STANDARD = "gnu++20";
				CLANG_ENABLE_MODULES = YES;
				CLANG_ENABLE_OBJC_ARC = YES;
				CLANG_ENABLE_OBJC_WEAK = YES;
				CLANG_WARN_BLOCK_CAPTURE_AUTORELEASING = YES;
				CLANG_WARN_BOOL_CONVERSION = YES;
				CLANG_WARN_COMMA = YES;
				CLANG_WARN_CONSTANT_CONVERSION = YES;
				CLANG_WARN_DEPRECATED_OBJC_IMPLEMENTATIONS = YES;
				CLANG_WARN_DIRECT_OBJC_ISA_USAGE = YES_ERROR;
				CLANG_WARN_DOCUMENTATION_COMMENTS = YES;
				CLANG_WARN_EMPTY_BODY = YES;
				CLANG_WARN_ENUM_CONVERSION = YES;
				CLANG_WARN_INFINITE_RECURSION = YES;
				CLANG_WARN_INT_CONVERSION = YES;
				CLANG_WARN_NON_LITERAL_NULL_CONVERSION = YES;
				CLANG_WARN_OBJC_IMPLICIT_RETAIN_SELF = YES;
				CLANG_WARN_OBJC_LITERAL_CONVERSION = YES;
				CLANG_WARN_OBJC_ROOT_CLASS = YES_ERROR;
				CLANG_WARN_QUOTED_INCLUDE_IN_FRAMEWORK_HEADER = YES;
				CLANG_WARN_RANGE_LOOP_ANALYSIS = YES;
				CLANG_WARN_STRICT_PROTOTYPES = YES;
				CLANG_WARN_SUSPICIOUS_MOVE = YES;
				CLANG_WARN_UNGUARDED_AVAILABILITY = YES_AGGRESSIVE;
				CLANG_WARN_UNREACHABLE_CODE = YES;
				CLANG_WARN__DUPLICATE_METHOD_MATCH = YES;
				COPY_PHASE_STRIP = NO;
				DEBUG_INFORMATION_FORMAT = dwarf;
				ENABLE_STRICT_OBJC_MSGSEND = YES;
				ENABLE_TESTABILITY = YES;
				GCC_C_LANGUAGE_STANDARD = gnu11;
				GCC_DYNAMIC_NO_PIC = NO;
				GCC_NO_COMMON_BLOCKS = YES;
				GCC_OPTIMIZATION_LEVEL = 0;
				GCC_PREPROCESSOR_DEFINITIONS = (
					"DEBUG=1",
					"$(inherited)",
				);
				GCC_WARN_64_TO_32_BIT_CONVERSION = YES;
				GCC_WARN_ABOUT_RETURN_TYPE = YES_ERROR;
				GCC_WARN_UNDECLARED_SELECTOR = YES;
				GCC_WARN_UNINITIALIZED_AUTOS = YES_AGGRESSIVE;
				GCC_WARN_UNUSED_FUNCTION = YES;
				GCC_WARN_UNUSED_VARIABLE = YES;
				IPHONEOS_DEPLOYMENT_TARGET = 16.2;
				MTL_ENABLE_DEBUG_INFO = INCLUDE_SOURCE;
				MTL_FAST_MATH = YES;
				ONLY_ACTIVE_ARCH = YES;
				SDKROOT = iphoneos;
				SWIFT_ACTIVE_COMPILATION_CONDITIONS = DEBUG;
				SWIFT_OPTIMIZATION_LEVEL = "-Onone";
			};
			name = Debug;
		};
		9413252929F51ECC00F3F929 /* Release */ = {
			isa = XCBuildConfiguration;
			buildSettings = {
				ALWAYS_SEARCH_USER_PATHS = NO;
				CLANG_ANALYZER_NONNULL = YES;
				CLANG_ANALYZER_NUMBER_OBJECT_CONVERSION = YES_AGGRESSIVE;
				CLANG_CXX_LANGUAGE_STANDARD = "gnu++20";
				CLANG_ENABLE_MODULES = YES;
				CLANG_ENABLE_OBJC_ARC = YES;
				CLANG_ENABLE_OBJC_WEAK = YES;
				CLANG_WARN_BLOCK_CAPTURE_AUTORELEASING = YES;
				CLANG_WARN_BOOL_CONVERSION = YES;
				CLANG_WARN_COMMA = YES;
				CLANG_WARN_CONSTANT_CONVERSION = YES;
				CLANG_WARN_DEPRECATED_OBJC_IMPLEMENTATIONS = YES;
				CLANG_WARN_DIRECT_OBJC_ISA_USAGE = YES_ERROR;
				CLANG_WARN_DOCUMENTATION_COMMENTS = YES;
				CLANG_WARN_EMPTY_BODY = YES;
				CLANG_WARN_ENUM_CONVERSION = YES;
				CLANG_WARN_INFINITE_RECURSION = YES;
				CLANG_WARN_INT_CONVERSION = YES;
				CLANG_WARN_NON_LITERAL_NULL_CONVERSION = YES;
				CLANG_WARN_OBJC_IMPLICIT_RETAIN_SELF = YES;
				CLANG_WARN_OBJC_LITERAL_CONVERSION = YES;
				CLANG_WARN_OBJC_ROOT_CLASS = YES_ERROR;
				CLANG_WARN_QUOTED_INCLUDE_IN_FRAMEWORK_HEADER = YES;
				CLANG_WARN_RANGE_LOOP_ANALYSIS = YES;
				CLANG_WARN_STRICT_PROTOTYPES = YES;
				CLANG_WARN_SUSPICIOUS_MOVE = YES;
				CLANG_WARN_UNGUARDED_AVAILABILITY = YES_AGGRESSIVE;
				CLANG_WARN_UNREACHABLE_CODE = YES;
				CLANG_WARN__DUPLICATE_METHOD_MATCH = YES;
				COPY_PHASE_STRIP = NO;
				DEBUG_INFORMATION_FORMAT = "dwarf-with-dsym";
				ENABLE_NS_ASSERTIONS = NO;
				ENABLE_STRICT_OBJC_MSGSEND = YES;
				GCC_C_LANGUAGE_STANDARD = gnu11;
				GCC_NO_COMMON_BLOCKS = YES;
				GCC_WARN_64_TO_32_BIT_CONVERSION = YES;
				GCC_WARN_ABOUT_RETURN_TYPE = YES_ERROR;
				GCC_WARN_UNDECLARED_SELECTOR = YES;
				GCC_WARN_UNINITIALIZED_AUTOS = YES_AGGRESSIVE;
				GCC_WARN_UNUSED_FUNCTION = YES;
				GCC_WARN_UNUSED_VARIABLE = YES;
				IPHONEOS_DEPLOYMENT_TARGET = 16.2;
				MTL_ENABLE_DEBUG_INFO = NO;
				MTL_FAST_MATH = YES;
				SDKROOT = iphoneos;
				SWIFT_COMPILATION_MODE = wholemodule;
				SWIFT_OPTIMIZATION_LEVEL = "-O";
				VALIDATE_PRODUCT = YES;
			};
			name = Release;
		};
		9413252B29F51ECC00F3F929 /* Debug */ = {
			isa = XCBuildConfiguration;
			buildSettings = {
				ASSETCATALOG_COMPILER_APPICON_NAME = AppIcon;
				ASSETCATALOG_COMPILER_GLOBAL_ACCENT_COLOR_NAME = AccentColor;
				CODE_SIGN_STYLE = Automatic;
				CURRENT_PROJECT_VERSION = 1;
				DEVELOPMENT_TEAM = 7XDPS65F77;
				GENERATE_INFOPLIST_FILE = YES;
				INFOPLIST_FILE = "Film(TDD)/Info.plist";
				INFOPLIST_KEY_UIApplicationSupportsIndirectInputEvents = YES;
				INFOPLIST_KEY_UILaunchStoryboardName = LaunchScreen;
				INFOPLIST_KEY_UIMainStoryboardFile = Main;
				INFOPLIST_KEY_UISupportedInterfaceOrientations_iPad = "UIInterfaceOrientationPortrait UIInterfaceOrientationPortraitUpsideDown UIInterfaceOrientationLandscapeLeft UIInterfaceOrientationLandscapeRight";
				INFOPLIST_KEY_UISupportedInterfaceOrientations_iPhone = "UIInterfaceOrientationPortrait UIInterfaceOrientationLandscapeLeft UIInterfaceOrientationLandscapeRight";
				LD_RUNPATH_SEARCH_PATHS = (
					"$(inherited)",
					"@executable_path/Frameworks",
				);
				MARKETING_VERSION = 1.0;
				PRODUCT_BUNDLE_IDENTIFIER = "katostevenmubiru.Film-TDD-";
				PRODUCT_NAME = "$(TARGET_NAME)";
				SWIFT_EMIT_LOC_STRINGS = YES;
				SWIFT_VERSION = 5.0;
				TARGETED_DEVICE_FAMILY = "1,2";
			};
			name = Debug;
		};
		9413252C29F51ECC00F3F929 /* Release */ = {
			isa = XCBuildConfiguration;
			buildSettings = {
				ASSETCATALOG_COMPILER_APPICON_NAME = AppIcon;
				ASSETCATALOG_COMPILER_GLOBAL_ACCENT_COLOR_NAME = AccentColor;
				CODE_SIGN_STYLE = Automatic;
				CURRENT_PROJECT_VERSION = 1;
				DEVELOPMENT_TEAM = 7XDPS65F77;
				GENERATE_INFOPLIST_FILE = YES;
				INFOPLIST_FILE = "Film(TDD)/Info.plist";
				INFOPLIST_KEY_UIApplicationSupportsIndirectInputEvents = YES;
				INFOPLIST_KEY_UILaunchStoryboardName = LaunchScreen;
				INFOPLIST_KEY_UIMainStoryboardFile = Main;
				INFOPLIST_KEY_UISupportedInterfaceOrientations_iPad = "UIInterfaceOrientationPortrait UIInterfaceOrientationPortraitUpsideDown UIInterfaceOrientationLandscapeLeft UIInterfaceOrientationLandscapeRight";
				INFOPLIST_KEY_UISupportedInterfaceOrientations_iPhone = "UIInterfaceOrientationPortrait UIInterfaceOrientationLandscapeLeft UIInterfaceOrientationLandscapeRight";
				LD_RUNPATH_SEARCH_PATHS = (
					"$(inherited)",
					"@executable_path/Frameworks",
				);
				MARKETING_VERSION = 1.0;
				PRODUCT_BUNDLE_IDENTIFIER = "katostevenmubiru.Film-TDD-";
				PRODUCT_NAME = "$(TARGET_NAME)";
				SWIFT_EMIT_LOC_STRINGS = YES;
				SWIFT_VERSION = 5.0;
				TARGETED_DEVICE_FAMILY = "1,2";
			};
			name = Release;
		};
		9413252E29F51ECC00F3F929 /* Debug */ = {
			isa = XCBuildConfiguration;
			buildSettings = {
				ALWAYS_EMBED_SWIFT_STANDARD_LIBRARIES = YES;
				BUNDLE_LOADER = "$(TEST_HOST)";
				CLANG_ENABLE_MODULES = YES;
				CODE_SIGN_STYLE = Automatic;
				CURRENT_PROJECT_VERSION = 1;
				DEVELOPMENT_TEAM = 7XDPS65F77;
				GENERATE_INFOPLIST_FILE = YES;
				IPHONEOS_DEPLOYMENT_TARGET = 16.2;
				LD_RUNPATH_SEARCH_PATHS = (
					"$(inherited)",
					"@executable_path/Frameworks",
					"@loader_path/Frameworks",
				);
				MARKETING_VERSION = 1.0;
				PRODUCT_BUNDLE_IDENTIFIER = "katostevenmubiru.Film-TDD-Tests";
				PRODUCT_NAME = "$(TARGET_NAME)";
				SWIFT_EMIT_LOC_STRINGS = NO;
				SWIFT_OPTIMIZATION_LEVEL = "-Onone";
				SWIFT_VERSION = 5.0;
				TARGETED_DEVICE_FAMILY = "1,2";
				TEST_HOST = "$(BUILT_PRODUCTS_DIR)/Film(TDD).app/$(BUNDLE_EXECUTABLE_FOLDER_PATH)/Film(TDD)";
			};
			name = Debug;
		};
		9413252F29F51ECC00F3F929 /* Release */ = {
			isa = XCBuildConfiguration;
			buildSettings = {
				ALWAYS_EMBED_SWIFT_STANDARD_LIBRARIES = YES;
				BUNDLE_LOADER = "$(TEST_HOST)";
				CLANG_ENABLE_MODULES = YES;
				CODE_SIGN_STYLE = Automatic;
				CURRENT_PROJECT_VERSION = 1;
				DEVELOPMENT_TEAM = 7XDPS65F77;
				GENERATE_INFOPLIST_FILE = YES;
				IPHONEOS_DEPLOYMENT_TARGET = 16.2;
				LD_RUNPATH_SEARCH_PATHS = (
					"$(inherited)",
					"@executable_path/Frameworks",
					"@loader_path/Frameworks",
				);
				MARKETING_VERSION = 1.0;
				PRODUCT_BUNDLE_IDENTIFIER = "katostevenmubiru.Film-TDD-Tests";
				PRODUCT_NAME = "$(TARGET_NAME)";
				SWIFT_EMIT_LOC_STRINGS = NO;
				SWIFT_VERSION = 5.0;
				TARGETED_DEVICE_FAMILY = "1,2";
				TEST_HOST = "$(BUILT_PRODUCTS_DIR)/Film(TDD).app/$(BUNDLE_EXECUTABLE_FOLDER_PATH)/Film(TDD)";
			};
			name = Release;
		};
		9413253129F51ECC00F3F929 /* Debug */ = {
			isa = XCBuildConfiguration;
			buildSettings = {
				ALWAYS_EMBED_SWIFT_STANDARD_LIBRARIES = YES;
				CODE_SIGN_STYLE = Automatic;
				CURRENT_PROJECT_VERSION = 1;
				DEVELOPMENT_TEAM = 7XDPS65F77;
				GENERATE_INFOPLIST_FILE = YES;
				MARKETING_VERSION = 1.0;
				PRODUCT_BUNDLE_IDENTIFIER = "katostevenmubiru.Film-TDD-UITests";
				PRODUCT_NAME = "$(TARGET_NAME)";
				SWIFT_EMIT_LOC_STRINGS = NO;
				SWIFT_VERSION = 5.0;
				TARGETED_DEVICE_FAMILY = "1,2";
				TEST_TARGET_NAME = "Film(TDD)";
			};
			name = Debug;
		};
		9413253229F51ECC00F3F929 /* Release */ = {
			isa = XCBuildConfiguration;
			buildSettings = {
				ALWAYS_EMBED_SWIFT_STANDARD_LIBRARIES = YES;
				CODE_SIGN_STYLE = Automatic;
				CURRENT_PROJECT_VERSION = 1;
				DEVELOPMENT_TEAM = 7XDPS65F77;
				GENERATE_INFOPLIST_FILE = YES;
				MARKETING_VERSION = 1.0;
				PRODUCT_BUNDLE_IDENTIFIER = "katostevenmubiru.Film-TDD-UITests";
				PRODUCT_NAME = "$(TARGET_NAME)";
				SWIFT_EMIT_LOC_STRINGS = NO;
				SWIFT_VERSION = 5.0;
				TARGETED_DEVICE_FAMILY = "1,2";
				TEST_TARGET_NAME = "Film(TDD)";
			};
			name = Release;
		};
/* End XCBuildConfiguration section */

/* Begin XCConfigurationList section */
		941324FB29F51ECB00F3F929 /* Build configuration list for PBXProject "Film(TDD)" */ = {
			isa = XCConfigurationList;
			buildConfigurations = (
				9413252829F51ECC00F3F929 /* Debug */,
				9413252929F51ECC00F3F929 /* Release */,
			);
			defaultConfigurationIsVisible = 0;
			defaultConfigurationName = Release;
		};
		9413252A29F51ECC00F3F929 /* Build configuration list for PBXNativeTarget "Film(TDD)" */ = {
			isa = XCConfigurationList;
			buildConfigurations = (
				9413252B29F51ECC00F3F929 /* Debug */,
				9413252C29F51ECC00F3F929 /* Release */,
			);
			defaultConfigurationIsVisible = 0;
			defaultConfigurationName = Release;
		};
		9413252D29F51ECC00F3F929 /* Build configuration list for PBXNativeTarget "Film(TDD)Tests" */ = {
			isa = XCConfigurationList;
			buildConfigurations = (
				9413252E29F51ECC00F3F929 /* Debug */,
				9413252F29F51ECC00F3F929 /* Release */,
			);
			defaultConfigurationIsVisible = 0;
			defaultConfigurationName = Release;
		};
		9413253029F51ECC00F3F929 /* Build configuration list for PBXNativeTarget "Film(TDD)UITests" */ = {
			isa = XCConfigurationList;
			buildConfigurations = (
				9413253129F51ECC00F3F929 /* Debug */,
				9413253229F51ECC00F3F929 /* Release */,
			);
			defaultConfigurationIsVisible = 0;
			defaultConfigurationName = Release;
		};
/* End XCConfigurationList section */
	};
	rootObject = 941324F829F51ECB00F3F929 /* Project object */;
}
